
Microsoft Visual Studio Solution File, Format Version 12.00
# Visual Studio 15
VisualStudioVersion = 15.0.26730.12
MinimumVisualStudioVersion = 10.0.40219.1
Project("{9A19103F-16F7-4668-BE54-9A1E7A4F7556}") = "NetHttp", "NetHttp\NetHttp.csproj", "{3C9BD2B7-7CF2-4A67-986B-59519F4CAE7A}"
EndProject
Project("{2150E333-8FDC-42A3-9474-1A3956D46DE8}") = "Solution Items", "Solution Items", "{FAD1E005-F62C-4FD9-B5C3-3F410BF012C2}"
	ProjectSection(SolutionItems) = preProject
		changelog.md = changelog.md
	EndProjectSection
EndProject
Project("{9A19103F-16F7-4668-BE54-9A1E7A4F7556}") = "Tests", "Tests\Tests.csproj", "{39149D3E-870A-4733-B4EF-B29F13251E45}"
EndProject
Global
	GlobalSection(SolutionConfigurationPlatforms) = preSolution
		Debug|Any CPU = Debug|Any CPU
		Release|Any CPU = Release|Any CPU
	EndGlobalSection
	GlobalSection(ProjectConfigurationPlatforms) = postSolution
		{3C9BD2B7-7CF2-4A67-986B-59519F4CAE7A}.Debug|Any CPU.ActiveCfg = Debug|Any CPU
		{3C9BD2B7-7CF2-4A67-986B-59519F4CAE7A}.Debug|Any CPU.Build.0 = Debug|Any CPU
		{3C9BD2B7-7CF2-4A67-986B-59519F4CAE7A}.Release|Any CPU.ActiveCfg = Release|Any CPU
		{3C9BD2B7-7CF2-4A67-986B-59519F4CAE7A}.Release|Any CPU.Build.0 = Release|Any CPU
		{39149D3E-870A-4733-B4EF-B29F13251E45}.Debug|Any CPU.ActiveCfg = Debug|Any CPU
		{39149D3E-870A-4733-B4EF-B29F13251E45}.Debug|Any CPU.Build.0 = Debug|Any CPU
		{39149D3E-870A-4733-B4EF-B29F13251E45}.Release|Any CPU.ActiveCfg = Release|Any CPU
		{39149D3E-870A-4733-B4EF-B29F13251E45}.Release|Any CPU.Build.0 = Release|Any CPU
	EndGlobalSection
	GlobalSection(SolutionProperties) = preSolution
		HideSolutionNode = FALSE
	EndGlobalSection
	GlobalSection(ExtensibilityGlobals) = postSolution
		SolutionGuid = {2CF39316-6925-4E4E-B510-0085B1321C29}
	EndGlobalSection
EndGlobal
